
Microsoft Visual Studio Solution File, Format Version 12.00
# Visual Studio Version 17
VisualStudioVersion = 17.0.32014.148
MinimumVisualStudioVersion = 10.0.40219.1
Project("{9A19103F-16F7-4668-BE54-9A1E7A4F7556}") = "EntityLayer", "EntityLayer\EntityLayer.csproj", "{067F268C-E797-463D-83A2-D087433966CC}"
EndProject
Project("{9A19103F-16F7-4668-BE54-9A1E7A4F7556}") = "DataAccessLayer", "DataAccessLayer\DataAccessLayer.csproj", "{31897E7B-9507-4EDF-9816-5188AA182AB7}"
EndProject
Project("{9A19103F-16F7-4668-BE54-9A1E7A4F7556}") = "BussinesLayer", "BussinesLayer\BussinesLayer.csproj", "{499207C4-3432-450C-8E65-BFCD27525C21}"
EndProject
Project("{9A19103F-16F7-4668-BE54-9A1E7A4F7556}") = "CoreLayer", "CoreLayer\CoreLayer.csproj", "{8BEB6EC6-49BB-41D6-AFFA-40421F892D1D}"
EndProject
Project("{9A19103F-16F7-4668-BE54-9A1E7A4F7556}") = "UniSozluk", "UniSozluk\UniSozluk.csproj", "{3A657D61-7070-46F8-B1EB-72ABC0277771}"
EndProject
Project("{FAE04EC0-301F-11D3-BF4B-00C04F79EFBC}") = "UniSozlukAPI", "UniSozlukAPI\UniSozlukAPI.csproj", "{10E6606B-FEC8-4001-8C5A-EE97245FE2CE}"
EndProject
Global
	GlobalSection(SolutionConfigurationPlatforms) = preSolution
		Debug|Any CPU = Debug|Any CPU
		Release|Any CPU = Release|Any CPU
	EndGlobalSection
	GlobalSection(ProjectConfigurationPlatforms) = postSolution
		{067F268C-E797-463D-83A2-D087433966CC}.Debug|Any CPU.ActiveCfg = Debug|Any CPU
		{067F268C-E797-463D-83A2-D087433966CC}.Debug|Any CPU.Build.0 = Debug|Any CPU
		{067F268C-E797-463D-83A2-D087433966CC}.Release|Any CPU.ActiveCfg = Release|Any CPU
		{067F268C-E797-463D-83A2-D087433966CC}.Release|Any CPU.Build.0 = Release|Any CPU
		{31897E7B-9507-4EDF-9816-5188AA182AB7}.Debug|Any CPU.ActiveCfg = Debug|Any CPU
		{31897E7B-9507-4EDF-9816-5188AA182AB7}.Debug|Any CPU.Build.0 = Debug|Any CPU
		{31897E7B-9507-4EDF-9816-5188AA182AB7}.Release|Any CPU.ActiveCfg = Release|Any CPU
		{31897E7B-9507-4EDF-9816-5188AA182AB7}.Release|Any CPU.Build.0 = Release|Any CPU
		{499207C4-3432-450C-8E65-BFCD27525C21}.Debug|Any CPU.ActiveCfg = Debug|Any CPU
		{499207C4-3432-450C-8E65-BFCD27525C21}.Debug|Any CPU.Build.0 = Debug|Any CPU
		{499207C4-3432-450C-8E65-BFCD27525C21}.Release|Any CPU.ActiveCfg = Release|Any CPU
		{499207C4-3432-450C-8E65-BFCD27525C21}.Release|Any CPU.Build.0 = Release|Any CPU
		{8BEB6EC6-49BB-41D6-AFFA-40421F892D1D}.Debug|Any CPU.ActiveCfg = Debug|Any CPU
		{8BEB6EC6-49BB-41D6-AFFA-40421F892D1D}.Debug|Any CPU.Build.0 = Debug|Any CPU
		{8BEB6EC6-49BB-41D6-AFFA-40421F892D1D}.Release|Any CPU.ActiveCfg = Release|Any CPU
		{8BEB6EC6-49BB-41D6-AFFA-40421F892D1D}.Release|Any CPU.Build.0 = Release|Any CPU
		{3A657D61-7070-46F8-B1EB-72ABC0277771}.Debug|Any CPU.ActiveCfg = Debug|Any CPU
		{3A657D61-7070-46F8-B1EB-72ABC0277771}.Debug|Any CPU.Build.0 = Debug|Any CPU
		{3A657D61-7070-46F8-B1EB-72ABC0277771}.Release|Any CPU.ActiveCfg = Release|Any CPU
		{3A657D61-7070-46F8-B1EB-72ABC0277771}.Release|Any CPU.Build.0 = Release|Any CPU
		{10E6606B-FEC8-4001-8C5A-EE97245FE2CE}.Debug|Any CPU.ActiveCfg = Debug|Any CPU
		{10E6606B-FEC8-4001-8C5A-EE97245FE2CE}.Debug|Any CPU.Build.0 = Debug|Any CPU
		{10E6606B-FEC8-4001-8C5A-EE97245FE2CE}.Release|Any CPU.ActiveCfg = Release|Any CPU
		{10E6606B-FEC8-4001-8C5A-EE97245FE2CE}.Release|Any CPU.Build.0 = Release|Any CPU
	EndGlobalSection
	GlobalSection(SolutionProperties) = preSolution
		HideSolutionNode = FALSE
	EndGlobalSection
	GlobalSection(ExtensibilityGlobals) = postSolution
		SolutionGuid = {9D74C552-5670-48F9-816C-BA39F1DED36B}
	EndGlobalSection
EndGlobal
